// !$*UTF8*$!
{
	archiveVersion = 1;
	classes = {
	};
	objectVersion = 77;
	objects = {

/* Begin PBXBuildFile section */
		F349ECCD2EA8DAB300FD34FE /* FirebaseAuth in Frameworks */ = {isa = PBXBuildFile; productRef = F349ECCC2EA8DAB300FD34FE /* FirebaseAuth */; };
		F349ECCF2EA8DABA00FD34FE /* FirebaseFirestore in Frameworks */ = {isa = PBXBuildFile; productRef = F349ECCE2EA8DABA00FD34FE /* FirebaseFirestore */; };
		F349ECD12EA8DAC300FD34FE /* FirebaseStorage in Frameworks */ = {isa = PBXBuildFile; productRef = F349ECD02EA8DAC300FD34FE /* FirebaseStorage */; };
		F361B9A82E8EC5400088C136 /* Assets.xcassets in Resources */ = {isa = PBXBuildFile; fileRef = F361B9A12E8EC5400088C136 /* Assets.xcassets */; };
		F361B9A92E8EC5400088C136 /* AuthenticationView.swift in Sources */ = {isa = PBXBuildFile; fileRef = F361B9A22E8EC5400088C136 /* AuthenticationView.swift */; };
		F361B9AA2E8EC5400088C136 /* AuthenticationViewModel.swift in Sources */ = {isa = PBXBuildFile; fileRef = F361B9A32E8EC5400088C136 /* AuthenticationViewModel.swift */; };
		F361B9AB2E8EC5400088C136 /* CustomTextField.swift in Sources */ = {isa = PBXBuildFile; fileRef = F361B9A42E8EC5400088C136 /* CustomTextField.swift */; };
		F361B9AC2E8EC5400088C136 /* EventoriasApp.swift in Sources */ = {isa = PBXBuildFile; fileRef = F361B9A52E8EC5400088C136 /* EventoriasApp.swift */; };
		F361B9AD2E8EC5400088C136 /* WelcomeView.swift in Sources */ = {isa = PBXBuildFile; fileRef = F361B9A62E8EC5400088C136 /* WelcomeView.swift */; };
		F361B9B12E8EC57F0088C136 /* ListView.swift in Sources */ = {isa = PBXBuildFile; fileRef = F361B9B02E8EC57F0088C136 /* ListView.swift */; };
		F361B9B32E8EC5C60088C136 /* RowView.swift in Sources */ = {isa = PBXBuildFile; fileRef = F361B9B22E8EC5C60088C136 /* RowView.swift */; };
		F361B9B52E8EC60D0088C136 /* EventsViewModel.swift in Sources */ = {isa = PBXBuildFile; fileRef = F361B9B42E8EC60D0088C136 /* EventsViewModel.swift */; };
		F361B9B82E8EC8220088C136 /* FirestoreService.swift in Sources */ = {isa = PBXBuildFile; fileRef = F361B9B72E8EC8220088C136 /* FirestoreService.swift */; };
		F361B9BB2E8EC84B0088C136 /* Event.swift in Sources */ = {isa = PBXBuildFile; fileRef = F361B9BA2E8EC84B0088C136 /* Event.swift */; };
		F361B9BF2E8ECC710088C136 /* EventDetailsView.swift in Sources */ = {isa = PBXBuildFile; fileRef = F361B9BE2E8ECC710088C136 /* EventDetailsView.swift */; };
		F3663C932EA22EAD00297E07 /* ConvertEmailsResult.swift in Sources */ = {isa = PBXBuildFile; fileRef = F3663C922EA22EAD00297E07 /* ConvertEmailsResult.swift */; };
		F3663CA82EA26DE300297E07 /* Protocols.swift in Sources */ = {isa = PBXBuildFile; fileRef = F3663CA72EA26DE300297E07 /* Protocols.swift */; };
		F3682F8B2E9F8572002E8578 /* Inter_28pt-Regular.ttf in Resources */ = {isa = PBXBuildFile; fileRef = F3682F8A2E9F8572002E8578 /* Inter_28pt-Regular.ttf */; };
		F3682F8C2E9F8572002E8578 /* Inter_28pt-Regular.ttf in Resources */ = {isa = PBXBuildFile; fileRef = F3682F8A2E9F8572002E8578 /* Inter_28pt-Regular.ttf */; };
		F3682F8D2E9F8572002E8578 /* Inter_28pt-Regular.ttf in Resources */ = {isa = PBXBuildFile; fileRef = F3682F8A2E9F8572002E8578 /* Inter_28pt-Regular.ttf */; };
		F3682F8F2E9F857D002E8578 /* Inter_24pt-SemiBold.ttf in Resources */ = {isa = PBXBuildFile; fileRef = F3682F8E2E9F857D002E8578 /* Inter_24pt-SemiBold.ttf */; };
		F3682F902E9F857D002E8578 /* Inter_24pt-SemiBold.ttf in Resources */ = {isa = PBXBuildFile; fileRef = F3682F8E2E9F857D002E8578 /* Inter_24pt-SemiBold.ttf */; };
		F3682F912E9F857D002E8578 /* Inter_24pt-SemiBold.ttf in Resources */ = {isa = PBXBuildFile; fileRef = F3682F8E2E9F857D002E8578 /* Inter_24pt-SemiBold.ttf */; };
		F3682F932E9F8592002E8578 /* Inter_28pt-Medium.ttf in Resources */ = {isa = PBXBuildFile; fileRef = F3682F922E9F8592002E8578 /* Inter_28pt-Medium.ttf */; };
		F3682F942E9F8592002E8578 /* Inter_28pt-Medium.ttf in Resources */ = {isa = PBXBuildFile; fileRef = F3682F922E9F8592002E8578 /* Inter_28pt-Medium.ttf */; };
		F3682F952E9F8592002E8578 /* Inter_28pt-Medium.ttf in Resources */ = {isa = PBXBuildFile; fileRef = F3682F922E9F8592002E8578 /* Inter_28pt-Medium.ttf */; };
		F3682F9D2E9FC7E2002E8578 /* CustomSpinner.swift in Sources */ = {isa = PBXBuildFile; fileRef = F3682F9C2E9FC7E2002E8578 /* CustomSpinner.swift */; };
		F3682F9F2E9FF129002E8578 /* AppError.swift in Sources */ = {isa = PBXBuildFile; fileRef = F3682F9E2E9FF129002E8578 /* AppError.swift */; };
		F3682FA12E9FF6D1002E8578 /* GoogleMapsViewModel.swift in Sources */ = {isa = PBXBuildFile; fileRef = F3682FA02E9FF6D1002E8578 /* GoogleMapsViewModel.swift */; };
		F3682FA32EA0DEA9002E8578 /* ActivityController.swift in Sources */ = {isa = PBXBuildFile; fileRef = F3682FA22EA0DEA9002E8578 /* ActivityController.swift */; };
		F3682FA62EA0F212002E8578 /* SignUpView.swift in Sources */ = {isa = PBXBuildFile; fileRef = F3682FA52EA0F212002E8578 /* SignUpView.swift */; };
		F3682FA82EA0F692002E8578 /* SignUpViewModel.swift in Sources */ = {isa = PBXBuildFile; fileRef = F3682FA72EA0F692002E8578 /* SignUpViewModel.swift */; };
		F36F84BF2E9543A400D4ACA1 /* RootView.swift in Sources */ = {isa = PBXBuildFile; fileRef = F36F84BE2E9543A400D4ACA1 /* RootView.swift */; };
		F36F84C12E95440900D4ACA1 /* MainTabView.swift in Sources */ = {isa = PBXBuildFile; fileRef = F36F84C02E95440900D4ACA1 /* MainTabView.swift */; };
		F36F84C32E95446E00D4ACA1 /* ProfileView.swift in Sources */ = {isa = PBXBuildFile; fileRef = F36F84C22E95446E00D4ACA1 /* ProfileView.swift */; };
		F36F84CB2E954EAB00D4ACA1 /* CalendarView.swift in Sources */ = {isa = PBXBuildFile; fileRef = F36F84CA2E954EAB00D4ACA1 /* CalendarView.swift */; };
		F36F84CD2E954F4600D4ACA1 /* Day.swift in Sources */ = {isa = PBXBuildFile; fileRef = F36F84CC2E954F4600D4ACA1 /* Day.swift */; };
		F36F84CF2E954FD200D4ACA1 /* EventsContainerView.swift in Sources */ = {isa = PBXBuildFile; fileRef = F36F84CE2E954FD200D4ACA1 /* EventsContainerView.swift */; };
		F36F84D12E9568F200D4ACA1 /* CreateEventView.swift in Sources */ = {isa = PBXBuildFile; fileRef = F36F84D02E9568F200D4ACA1 /* CreateEventView.swift */; };
		F36F84D32E956C1A00D4ACA1 /* UIImagePickerController.swift in Sources */ = {isa = PBXBuildFile; fileRef = F36F84D22E956C1A00D4ACA1 /* UIImagePickerController.swift */; };
		F36F84D52E956E6300D4ACA1 /* FirebaseStorage in Frameworks */ = {isa = PBXBuildFile; productRef = F36F84D42E956E6300D4ACA1 /* FirebaseStorage */; };
		F36F84D72E966AE100D4ACA1 /* WhitePicker.swift in Sources */ = {isa = PBXBuildFile; fileRef = F36F84D62E966AE100D4ACA1 /* WhitePicker.swift */; };
		F36F84DF2E969F2000D4ACA1 /* StaticMapView.swift in Sources */ = {isa = PBXBuildFile; fileRef = F36F84DE2E969F2000D4ACA1 /* StaticMapView.swift */; };
		F36F84E12E96A8CC00D4ACA1 /* GoogleMapsService.swift in Sources */ = {isa = PBXBuildFile; fileRef = F36F84E02E96A8CC00D4ACA1 /* GoogleMapsService.swift */; };
		F36F84E92E96AD0700D4ACA1 /* Key.plist in Resources */ = {isa = PBXBuildFile; fileRef = F36F84E82E96AD0700D4ACA1 /* Key.plist */; };
		F36F84EA2E96AD0700D4ACA1 /* Key.plist in Resources */ = {isa = PBXBuildFile; fileRef = F36F84E82E96AD0700D4ACA1 /* Key.plist */; };
		F36F84EB2E96AD0700D4ACA1 /* Key.plist in Resources */ = {isa = PBXBuildFile; fileRef = F36F84E82E96AD0700D4ACA1 /* Key.plist */; };
		F3762A732E9D39EA001E8114 /* FirebaseStorageService.swift in Sources */ = {isa = PBXBuildFile; fileRef = F3762A722E9D39EA001E8114 /* FirebaseStorageService.swift */; };
		F37C03652E97BC4D00647D3A /* CameraPickerController.swift in Sources */ = {isa = PBXBuildFile; fileRef = F37C03642E97BC4D00647D3A /* CameraPickerController.swift */; };
		F37C03702E992B1800647D3A /* User.swift in Sources */ = {isa = PBXBuildFile; fileRef = F37C036F2E992B1800647D3A /* User.swift */; };
		F37C03782E9A6BFC00647D3A /* Constants.swift in Sources */ = {isa = PBXBuildFile; fileRef = F37C03772E9A6BFC00647D3A /* Constants.swift */; };
		F37C037B2E9A892700647D3A /* UserViewModel.swift in Sources */ = {isa = PBXBuildFile; fileRef = F37C037A2E9A892700647D3A /* UserViewModel.swift */; };
		F37C037D2E9A898B00647D3A /* FirebaseAuthService.swift in Sources */ = {isa = PBXBuildFile; fileRef = F37C037C2E9A898B00647D3A /* FirebaseAuthService.swift */; };
		F39B0EE72E8D645C00416D67 /* GoogleService-Info.plist in Resources */ = {isa = PBXBuildFile; fileRef = F39B0EE62E8D645C00416D67 /* GoogleService-Info.plist */; };
		F39B0EE82E8D645C00416D67 /* GoogleService-Info.plist in Resources */ = {isa = PBXBuildFile; fileRef = F39B0EE62E8D645C00416D67 /* GoogleService-Info.plist */; };
		F39B0EE92E8D645C00416D67 /* GoogleService-Info.plist in Resources */ = {isa = PBXBuildFile; fileRef = F39B0EE62E8D645C00416D67 /* GoogleService-Info.plist */; };
		F39B0F7C2E8D7E2D00416D67 /* FirebaseAuth in Frameworks */ = {isa = PBXBuildFile; productRef = F39B0F7B2E8D7E2D00416D67 /* FirebaseAuth */; };
		F39B0F7E2E8D7E2D00416D67 /* FirebaseCore in Frameworks */ = {isa = PBXBuildFile; productRef = F39B0F7D2E8D7E2D00416D67 /* FirebaseCore */; };
		F39B0F802E8D7E2D00416D67 /* FirebaseFirestore in Frameworks */ = {isa = PBXBuildFile; productRef = F39B0F7F2E8D7E2D00416D67 /* FirebaseFirestore */; };
/* End PBXBuildFile section */

/* Begin PBXContainerItemProxy section */
		F37172B22E8C1CF700FF8C0F /* PBXContainerItemProxy */ = {
			isa = PBXContainerItemProxy;
			containerPortal = F371729C2E8C1CF600FF8C0F /* Project object */;
			proxyType = 1;
			remoteGlobalIDString = F37172A32E8C1CF600FF8C0F;
			remoteInfo = Eventorias;
		};
		F37172BC2E8C1CF700FF8C0F /* PBXContainerItemProxy */ = {
			isa = PBXContainerItemProxy;
			containerPortal = F371729C2E8C1CF600FF8C0F /* Project object */;
			proxyType = 1;
			remoteGlobalIDString = F37172A32E8C1CF600FF8C0F;
			remoteInfo = Eventorias;
		};
/* End PBXContainerItemProxy section */

/* Begin PBXFileReference section */
		F361B9A12E8EC5400088C136 /* Assets.xcassets */ = {isa = PBXFileReference; lastKnownFileType = folder.assetcatalog; path = Assets.xcassets; sourceTree = "<group>"; };
		F361B9A22E8EC5400088C136 /* AuthenticationView.swift */ = {isa = PBXFileReference; lastKnownFileType = sourcecode.swift; path = AuthenticationView.swift; sourceTree = "<group>"; };
		F361B9A32E8EC5400088C136 /* AuthenticationViewModel.swift */ = {isa = PBXFileReference; lastKnownFileType = sourcecode.swift; path = AuthenticationViewModel.swift; sourceTree = "<group>"; };
		F361B9A42E8EC5400088C136 /* CustomTextField.swift */ = {isa = PBXFileReference; lastKnownFileType = sourcecode.swift; path = CustomTextField.swift; sourceTree = "<group>"; };
		F361B9A52E8EC5400088C136 /* EventoriasApp.swift */ = {isa = PBXFileReference; lastKnownFileType = sourcecode.swift; path = EventoriasApp.swift; sourceTree = "<group>"; };
		F361B9A62E8EC5400088C136 /* WelcomeView.swift */ = {isa = PBXFileReference; lastKnownFileType = sourcecode.swift; path = WelcomeView.swift; sourceTree = "<group>"; };
		F361B9B02E8EC57F0088C136 /* ListView.swift */ = {isa = PBXFileReference; lastKnownFileType = sourcecode.swift; path = ListView.swift; sourceTree = "<group>"; };
		F361B9B22E8EC5C60088C136 /* RowView.swift */ = {isa = PBXFileReference; lastKnownFileType = sourcecode.swift; path = RowView.swift; sourceTree = "<group>"; };
		F361B9B42E8EC60D0088C136 /* EventsViewModel.swift */ = {isa = PBXFileReference; lastKnownFileType = sourcecode.swift; path = EventsViewModel.swift; sourceTree = "<group>"; };
		F361B9B72E8EC8220088C136 /* FirestoreService.swift */ = {isa = PBXFileReference; lastKnownFileType = sourcecode.swift; path = FirestoreService.swift; sourceTree = "<group>"; };
		F361B9BA2E8EC84B0088C136 /* Event.swift */ = {isa = PBXFileReference; lastKnownFileType = sourcecode.swift; path = Event.swift; sourceTree = "<group>"; };
		F361B9BE2E8ECC710088C136 /* EventDetailsView.swift */ = {isa = PBXFileReference; lastKnownFileType = sourcecode.swift; path = EventDetailsView.swift; sourceTree = "<group>"; };
		F3663C922EA22EAD00297E07 /* ConvertEmailsResult.swift */ = {isa = PBXFileReference; lastKnownFileType = sourcecode.swift; path = ConvertEmailsResult.swift; sourceTree = "<group>"; };
		F3663CA72EA26DE300297E07 /* Protocols.swift */ = {isa = PBXFileReference; lastKnownFileType = sourcecode.swift; path = Protocols.swift; sourceTree = "<group>"; };
		F3682F8A2E9F8572002E8578 /* Inter_28pt-Regular.ttf */ = {isa = PBXFileReference; lastKnownFileType = file; path = "Inter_28pt-Regular.ttf"; sourceTree = "<group>"; };
		F3682F8E2E9F857D002E8578 /* Inter_24pt-SemiBold.ttf */ = {isa = PBXFileReference; lastKnownFileType = file; path = "Inter_24pt-SemiBold.ttf"; sourceTree = "<group>"; };
		F3682F922E9F8592002E8578 /* Inter_28pt-Medium.ttf */ = {isa = PBXFileReference; lastKnownFileType = file; path = "Inter_28pt-Medium.ttf"; sourceTree = "<group>"; };
		F3682F9C2E9FC7E2002E8578 /* CustomSpinner.swift */ = {isa = PBXFileReference; lastKnownFileType = sourcecode.swift; path = CustomSpinner.swift; sourceTree = "<group>"; };
		F3682F9E2E9FF129002E8578 /* AppError.swift */ = {isa = PBXFileReference; lastKnownFileType = sourcecode.swift; path = AppError.swift; sourceTree = "<group>"; };
		F3682FA02E9FF6D1002E8578 /* GoogleMapsViewModel.swift */ = {isa = PBXFileReference; lastKnownFileType = sourcecode.swift; path = GoogleMapsViewModel.swift; sourceTree = "<group>"; };
		F3682FA22EA0DEA9002E8578 /* ActivityController.swift */ = {isa = PBXFileReference; lastKnownFileType = sourcecode.swift; path = ActivityController.swift; sourceTree = "<group>"; };
		F3682FA52EA0F212002E8578 /* SignUpView.swift */ = {isa = PBXFileReference; lastKnownFileType = sourcecode.swift; path = SignUpView.swift; sourceTree = "<group>"; };
		F3682FA72EA0F692002E8578 /* SignUpViewModel.swift */ = {isa = PBXFileReference; lastKnownFileType = sourcecode.swift; path = SignUpViewModel.swift; sourceTree = "<group>"; };
		F36F84BE2E9543A400D4ACA1 /* RootView.swift */ = {isa = PBXFileReference; lastKnownFileType = sourcecode.swift; path = RootView.swift; sourceTree = "<group>"; };
		F36F84C02E95440900D4ACA1 /* MainTabView.swift */ = {isa = PBXFileReference; lastKnownFileType = sourcecode.swift; path = MainTabView.swift; sourceTree = "<group>"; };
		F36F84C22E95446E00D4ACA1 /* ProfileView.swift */ = {isa = PBXFileReference; lastKnownFileType = sourcecode.swift; path = ProfileView.swift; sourceTree = "<group>"; };
		F36F84CA2E954EAB00D4ACA1 /* CalendarView.swift */ = {isa = PBXFileReference; lastKnownFileType = sourcecode.swift; path = CalendarView.swift; sourceTree = "<group>"; };
		F36F84CC2E954F4600D4ACA1 /* Day.swift */ = {isa = PBXFileReference; lastKnownFileType = sourcecode.swift; path = Day.swift; sourceTree = "<group>"; };
		F36F84CE2E954FD200D4ACA1 /* EventsContainerView.swift */ = {isa = PBXFileReference; lastKnownFileType = sourcecode.swift; path = EventsContainerView.swift; sourceTree = "<group>"; };
		F36F84D02E9568F200D4ACA1 /* CreateEventView.swift */ = {isa = PBXFileReference; lastKnownFileType = sourcecode.swift; path = CreateEventView.swift; sourceTree = "<group>"; };
		F36F84D22E956C1A00D4ACA1 /* UIImagePickerController.swift */ = {isa = PBXFileReference; lastKnownFileType = sourcecode.swift; path = UIImagePickerController.swift; sourceTree = "<group>"; };
		F36F84D62E966AE100D4ACA1 /* WhitePicker.swift */ = {isa = PBXFileReference; lastKnownFileType = sourcecode.swift; path = WhitePicker.swift; sourceTree = "<group>"; };
		F36F84DE2E969F2000D4ACA1 /* StaticMapView.swift */ = {isa = PBXFileReference; lastKnownFileType = sourcecode.swift; path = StaticMapView.swift; sourceTree = "<group>"; };
		F36F84E02E96A8CC00D4ACA1 /* GoogleMapsService.swift */ = {isa = PBXFileReference; lastKnownFileType = sourcecode.swift; path = GoogleMapsService.swift; sourceTree = "<group>"; };
		F36F84E82E96AD0700D4ACA1 /* Key.plist */ = {isa = PBXFileReference; lastKnownFileType = text.plist.xml; path = Key.plist; sourceTree = "<group>"; };
		F37172A42E8C1CF600FF8C0F /* Eventorias.app */ = {isa = PBXFileReference; explicitFileType = wrapper.application; includeInIndex = 0; path = Eventorias.app; sourceTree = BUILT_PRODUCTS_DIR; };
		F37172B12E8C1CF700FF8C0F /* EventoriasTests.xctest */ = {isa = PBXFileReference; explicitFileType = wrapper.cfbundle; includeInIndex = 0; path = EventoriasTests.xctest; sourceTree = BUILT_PRODUCTS_DIR; };
		F37172BB2E8C1CF700FF8C0F /* EventoriasUITests.xctest */ = {isa = PBXFileReference; explicitFileType = wrapper.cfbundle; includeInIndex = 0; path = EventoriasUITests.xctest; sourceTree = BUILT_PRODUCTS_DIR; };
		F3762A722E9D39EA001E8114 /* FirebaseStorageService.swift */ = {isa = PBXFileReference; lastKnownFileType = sourcecode.swift; path = FirebaseStorageService.swift; sourceTree = "<group>"; };
		F37C03642E97BC4D00647D3A /* CameraPickerController.swift */ = {isa = PBXFileReference; lastKnownFileType = sourcecode.swift; path = CameraPickerController.swift; sourceTree = "<group>"; };
		F37C03662E97CA9E00647D3A /* Info.plist */ = {isa = PBXFileReference; lastKnownFileType = text.plist.xml; path = Info.plist; sourceTree = "<group>"; };
		F37C036F2E992B1800647D3A /* User.swift */ = {isa = PBXFileReference; lastKnownFileType = sourcecode.swift; path = User.swift; sourceTree = "<group>"; };
		F37C03772E9A6BFC00647D3A /* Constants.swift */ = {isa = PBXFileReference; lastKnownFileType = sourcecode.swift; path = Constants.swift; sourceTree = "<group>"; };
		F37C037A2E9A892700647D3A /* UserViewModel.swift */ = {isa = PBXFileReference; lastKnownFileType = sourcecode.swift; path = UserViewModel.swift; sourceTree = "<group>"; };
		F37C037C2E9A898B00647D3A /* FirebaseAuthService.swift */ = {isa = PBXFileReference; lastKnownFileType = sourcecode.swift; path = FirebaseAuthService.swift; sourceTree = "<group>"; };
		F39B0EE62E8D645C00416D67 /* GoogleService-Info.plist */ = {isa = PBXFileReference; lastKnownFileType = text.plist.xml; path = "GoogleService-Info.plist"; sourceTree = "<group>"; };
/* End PBXFileReference section */

/* Begin PBXFileSystemSynchronizedBuildFileExceptionSet section */
		F3578EEF2EA3ACD40065FBF1 /* Exceptions for "EventoriasTests" folder in "EventoriasTests" target */ = {
			isa = PBXFileSystemSynchronizedBuildFileExceptionSet;
			membershipExceptions = (
				AuthenticationVMUnitTests/AuthenticationVMUnitTests.swift,
				AuthenticationVMUnitTests/Mocks_AuthenticationVMTests.swift,
				EventsVMUnitTests/EventsVMUnitTests.swift,
				EventsVMUnitTests/Mocks_EventsVMUnitTests.swift,
				GoogleMapsVMUnitTests/GoogleMapsVMUnitTests.swift,
				GoogleMapsVMUnitTests/Mocks_GoogleMapsVMTests.swift,
				SignUPVMUnitTests/Mocks_SignUpVMTests.swift,
				SignUPVMUnitTests/SignUpVMUnitTests.swift,
				UserVMUnitTests/Mocks_UserVMTests.swift,
				UserVMUnitTests/UserVMUnitTests.swift,
			);
			target = F37172B02E8C1CF700FF8C0F /* EventoriasTests */;
		};
		F3578EF02EA3ACD40065FBF1 /* Exceptions for "EventoriasTests" folder in "EventoriasUITests" target */ = {
			isa = PBXFileSystemSynchronizedBuildFileExceptionSet;
			membershipExceptions = (
				AuthenticationVMUnitTests/AuthenticationVMUnitTests.swift,
				AuthenticationVMUnitTests/Mocks_AuthenticationVMTests.swift,
				EventsVMUnitTests/EventsVMUnitTests.swift,
				EventsVMUnitTests/Mocks_EventsVMUnitTests.swift,
				GoogleMapsVMUnitTests/GoogleMapsVMUnitTests.swift,
				GoogleMapsVMUnitTests/Mocks_GoogleMapsVMTests.swift,
				SignUPVMUnitTests/Mocks_SignUpVMTests.swift,
				SignUPVMUnitTests/SignUpVMUnitTests.swift,
				UserVMUnitTests/Mocks_UserVMTests.swift,
				UserVMUnitTests/UserVMUnitTests.swift,
			);
			target = F37172BA2E8C1CF700FF8C0F /* EventoriasUITests */;
		};
/* End PBXFileSystemSynchronizedBuildFileExceptionSet section */

/* Begin PBXFileSystemSynchronizedRootGroup section */
		F3578EEA2EA3ACD40065FBF1 /* EventoriasTests */ = {
			isa = PBXFileSystemSynchronizedRootGroup;
			exceptions = (
				F3578EEF2EA3ACD40065FBF1 /* Exceptions for "EventoriasTests" folder in "EventoriasTests" target */,
				F3578EF02EA3ACD40065FBF1 /* Exceptions for "EventoriasTests" folder in "EventoriasUITests" target */,
			);
			path = EventoriasTests;
			sourceTree = "<group>";
		};
		F37172BE2E8C1CF700FF8C0F /* EventoriasUITests */ = {
			isa = PBXFileSystemSynchronizedRootGroup;
			path = EventoriasUITests;
			sourceTree = "<group>";
		};
/* End PBXFileSystemSynchronizedRootGroup section */

/* Begin PBXFrameworksBuildPhase section */
		F37172A12E8C1CF600FF8C0F /* Frameworks */ = {
			isa = PBXFrameworksBuildPhase;
			buildActionMask = 2147483647;
			files = (
				F39B0F802E8D7E2D00416D67 /* FirebaseFirestore in Frameworks */,
				F36F84D52E956E6300D4ACA1 /* FirebaseStorage in Frameworks */,
				F39B0F7E2E8D7E2D00416D67 /* FirebaseCore in Frameworks */,
				F39B0F7C2E8D7E2D00416D67 /* FirebaseAuth in Frameworks */,
			);
			runOnlyForDeploymentPostprocessing = 0;
		};
		F37172AE2E8C1CF700FF8C0F /* Frameworks */ = {
			isa = PBXFrameworksBuildPhase;
			buildActionMask = 2147483647;
			files = (
			);
			runOnlyForDeploymentPostprocessing = 0;
		};
		F37172B82E8C1CF700FF8C0F /* Frameworks */ = {
			isa = PBXFrameworksBuildPhase;
			buildActionMask = 2147483647;
			files = (
				F349ECCD2EA8DAB300FD34FE /* FirebaseAuth in Frameworks */,
				F349ECCF2EA8DABA00FD34FE /* FirebaseFirestore in Frameworks */,
				F349ECD12EA8DAC300FD34FE /* FirebaseStorage in Frameworks */,
			);
			runOnlyForDeploymentPostprocessing = 0;
		};
/* End PBXFrameworksBuildPhase section */

/* Begin PBXGroup section */
		F349ECCB2EA8DAB300FD34FE /* Frameworks */ = {
			isa = PBXGroup;
			children = (
			);
			name = Frameworks;
			sourceTree = "<group>";
		};
		F349ECD62EA9142800FD34FE /* Resources */ = {
			isa = PBXGroup;
			children = (
				F349ECD82EA9148400FD34FE /* Config */,
				F349ECD72EA9145C00FD34FE /* Fonts */,
				F361B9A12E8EC5400088C136 /* Assets.xcassets */,
			);
			path = Resources;
			sourceTree = "<group>";
		};
		F349ECD72EA9145C00FD34FE /* Fonts */ = {
			isa = PBXGroup;
			children = (
				F3682F922E9F8592002E8578 /* Inter_28pt-Medium.ttf */,
				F3682F8A2E9F8572002E8578 /* Inter_28pt-Regular.ttf */,
				F3682F8E2E9F857D002E8578 /* Inter_24pt-SemiBold.ttf */,
			);
			path = Fonts;
			sourceTree = "<group>";
		};
		F349ECD82EA9148400FD34FE /* Config */ = {
			isa = PBXGroup;
			children = (
				F36F84E82E96AD0700D4ACA1 /* Key.plist */,
				F39B0EE62E8D645C00416D67 /* GoogleService-Info.plist */,
				F37C03662E97CA9E00647D3A /* Info.plist */,
			);
			path = Config;
			sourceTree = "<group>";
		};
		F349ECF72EA914E800FD34FE /* App */ = {
			isa = PBXGroup;
			children = (
				F36F84BE2E9543A400D4ACA1 /* RootView.swift */,
				F36F84C02E95440900D4ACA1 /* MainTabView.swift */,
				F361B9A52E8EC5400088C136 /* EventoriasApp.swift */,
			);
			path = App;
			sourceTree = "<group>";
		};
		F349ECF92EA9153400FD34FE /* Core */ = {
			isa = PBXGroup;
			children = (
				F349ECFB2EA9163200FD34FE /* SharedViewModels */,
				F349ECFA2EA9154B00FD34FE /* Utils */,
				F361B9B92E8EC8380088C136 /* Models */,
				F361B9B62E8EC80C0088C136 /* Services */,
			);
			path = Core;
			sourceTree = "<group>";
		};
		F349ECFA2EA9154B00FD34FE /* Utils */ = {
			isa = PBXGroup;
			children = (
				F349ED002EA9174300FD34FE /* Components */,
				F37C03772E9A6BFC00647D3A /* Constants.swift */,
			);
			path = Utils;
			sourceTree = "<group>";
		};
		F349ECFB2EA9163200FD34FE /* SharedViewModels */ = {
			isa = PBXGroup;
			children = (
				F361B9B42E8EC60D0088C136 /* EventsViewModel.swift */,
				F37C037A2E9A892700647D3A /* UserViewModel.swift */,
			);
			path = SharedViewModels;
			sourceTree = "<group>";
		};
		F349ECFE2EA916D300FD34FE /* LogIn */ = {
			isa = PBXGroup;
			children = (
				F361B9A32E8EC5400088C136 /* AuthenticationViewModel.swift */,
				F361B9A22E8EC5400088C136 /* AuthenticationView.swift */,
			);
			path = LogIn;
			sourceTree = "<group>";
		};
		F349ECFF2EA9170F00FD34FE /* EventDetails */ = {
			isa = PBXGroup;
			children = (
				F3682FA22EA0DEA9002E8578 /* ActivityController.swift */,
				F3682FA02E9FF6D1002E8578 /* GoogleMapsViewModel.swift */,
				F36F84DE2E969F2000D4ACA1 /* StaticMapView.swift */,
				F361B9BE2E8ECC710088C136 /* EventDetailsView.swift */,
			);
			path = EventDetails;
			sourceTree = "<group>";
		};
		F349ED002EA9174300FD34FE /* Components */ = {
			isa = PBXGroup;
			children = (
				F361B9A42E8EC5400088C136 /* CustomTextField.swift */,
				F3682F9C2E9FC7E2002E8578 /* CustomSpinner.swift */,
			);
			path = Components;
			sourceTree = "<group>";
		};
		F349ED012EA9243B00FD34FE /* Welcome */ = {
			isa = PBXGroup;
			children = (
				F361B9A62E8EC5400088C136 /* WelcomeView.swift */,
			);
			path = Welcome;
			sourceTree = "<group>";
		};
		F361B9A72E8EC5400088C136 /* Eventorias */ = {
			isa = PBXGroup;
			children = (
				F349ECF92EA9153400FD34FE /* Core */,
				F349ECF72EA914E800FD34FE /* App */,
				F349ECD62EA9142800FD34FE /* Resources */,
				F361B9BD2E8ECC100088C136 /* Features */,
			);
			path = Eventorias;
			sourceTree = "<group>";
		};
		F361B9AE2E8EC5450088C136 /* Authentication */ = {
			isa = PBXGroup;
			children = (
				F349ECFE2EA916D300FD34FE /* LogIn */,
				F3682FA42EA0F184002E8578 /* SignUp */,
			);
			path = Authentication;
			sourceTree = "<group>";
		};
		F361B9AF2E8EC5620088C136 /* EventsList */ = {
			isa = PBXGroup;
			children = (
				F361B9B02E8EC57F0088C136 /* ListView.swift */,
				F361B9B22E8EC5C60088C136 /* RowView.swift */,
				F36F84CA2E954EAB00D4ACA1 /* CalendarView.swift */,
				F36F84CE2E954FD200D4ACA1 /* EventsContainerView.swift */,
				F36F84D02E9568F200D4ACA1 /* CreateEventView.swift */,
				F36F84D62E966AE100D4ACA1 /* WhitePicker.swift */,
			);
			path = EventsList;
			sourceTree = "<group>";
		};
		F361B9B62E8EC80C0088C136 /* Services */ = {
			isa = PBXGroup;
			children = (
				F361B9B72E8EC8220088C136 /* FirestoreService.swift */,
				F36F84E02E96A8CC00D4ACA1 /* GoogleMapsService.swift */,
				F37C037C2E9A898B00647D3A /* FirebaseAuthService.swift */,
				F3762A722E9D39EA001E8114 /* FirebaseStorageService.swift */,
				F3663CA72EA26DE300297E07 /* Protocols.swift */,
			);
			path = Services;
			sourceTree = "<group>";
		};
		F361B9B92E8EC8380088C136 /* Models */ = {
			isa = PBXGroup;
			children = (
				F361B9BA2E8EC84B0088C136 /* Event.swift */,
				F36F84CC2E954F4600D4ACA1 /* Day.swift */,
				F37C036F2E992B1800647D3A /* User.swift */,
				F3663C922EA22EAD00297E07 /* ConvertEmailsResult.swift */,
				F3682F9E2E9FF129002E8578 /* AppError.swift */,
			);
			path = Models;
			sourceTree = "<group>";
		};
		F361B9BC2E8ECC030088C136 /* Events */ = {
			isa = PBXGroup;
			children = (
				F349ECFF2EA9170F00FD34FE /* EventDetails */,
				F361B9AF2E8EC5620088C136 /* EventsList */,
			);
			path = Events;
			sourceTree = "<group>";
		};
		F361B9BD2E8ECC100088C136 /* Features */ = {
			isa = PBXGroup;
			children = (
				F349ED012EA9243B00FD34FE /* Welcome */,
				F361B9AE2E8EC5450088C136 /* Authentication */,
				F37C03792E9A883A00647D3A /* Profile */,
				F361B9BC2E8ECC030088C136 /* Events */,
				F3682FA92EA0F8DC002E8578 /* Controllers */,
			);
			path = Features;
			sourceTree = "<group>";
		};
		F3682FA42EA0F184002E8578 /* SignUp */ = {
			isa = PBXGroup;
			children = (
				F3682FA52EA0F212002E8578 /* SignUpView.swift */,
				F3682FA72EA0F692002E8578 /* SignUpViewModel.swift */,
			);
			path = SignUp;
			sourceTree = "<group>";
		};
		F3682FA92EA0F8DC002E8578 /* Controllers */ = {
			isa = PBXGroup;
			children = (
				F37C03642E97BC4D00647D3A /* CameraPickerController.swift */,
				F36F84D22E956C1A00D4ACA1 /* UIImagePickerController.swift */,
			);
			path = Controllers;
			sourceTree = "<group>";
		};
		F371729B2E8C1CF600FF8C0F = {
			isa = PBXGroup;
			children = (
				F361B9A72E8EC5400088C136 /* Eventorias */,
				F349ECCB2EA8DAB300FD34FE /* Frameworks */,
				F37172A52E8C1CF600FF8C0F /* Products */,
				F37172BE2E8C1CF700FF8C0F /* EventoriasUITests */,
				F3578EEA2EA3ACD40065FBF1 /* EventoriasTests */,
			);
			sourceTree = "<group>";
		};
		F37172A52E8C1CF600FF8C0F /* Products */ = {
			isa = PBXGroup;
			children = (
				F37172A42E8C1CF600FF8C0F /* Eventorias.app */,
				F37172B12E8C1CF700FF8C0F /* EventoriasTests.xctest */,
				F37172BB2E8C1CF700FF8C0F /* EventoriasUITests.xctest */,
			);
			name = Products;
			sourceTree = "<group>";
		};
		F37C03792E9A883A00647D3A /* Profile */ = {
			isa = PBXGroup;
			children = (
				F36F84C22E95446E00D4ACA1 /* ProfileView.swift */,
			);
			path = Profile;
			sourceTree = "<group>";
		};
/* End PBXGroup section */

/* Begin PBXNativeTarget section */
		F37172A32E8C1CF600FF8C0F /* Eventorias */ = {
			isa = PBXNativeTarget;
			buildConfigurationList = F37172C52E8C1CF700FF8C0F /* Build configuration list for PBXNativeTarget "Eventorias" */;
			buildPhases = (
				F37172A02E8C1CF600FF8C0F /* Sources */,
				F37172A12E8C1CF600FF8C0F /* Frameworks */,
				F37172A22E8C1CF600FF8C0F /* Resources */,
			);
			buildRules = (
			);
			dependencies = (
			);
			name = Eventorias;
			productName = Eventorias;
			productReference = F37172A42E8C1CF600FF8C0F /* Eventorias.app */;
			productType = "com.apple.product-type.application";
		};
		F37172B02E8C1CF700FF8C0F /* EventoriasTests */ = {
			isa = PBXNativeTarget;
			buildConfigurationList = F37172C82E8C1CF700FF8C0F /* Build configuration list for PBXNativeTarget "EventoriasTests" */;
			buildPhases = (
				F37172AD2E8C1CF700FF8C0F /* Sources */,
				F37172AE2E8C1CF700FF8C0F /* Frameworks */,
				F37172AF2E8C1CF700FF8C0F /* Resources */,
			);
			buildRules = (
			);
			dependencies = (
				F37172B32E8C1CF700FF8C0F /* PBXTargetDependency */,
			);
			name = EventoriasTests;
			productName = EventoriasTests;
			productReference = F37172B12E8C1CF700FF8C0F /* EventoriasTests.xctest */;
			productType = "com.apple.product-type.bundle.unit-test";
		};
		F37172BA2E8C1CF700FF8C0F /* EventoriasUITests */ = {
			isa = PBXNativeTarget;
			buildConfigurationList = F37172CB2E8C1CF700FF8C0F /* Build configuration list for PBXNativeTarget "EventoriasUITests" */;
			buildPhases = (
				F37172B72E8C1CF700FF8C0F /* Sources */,
				F37172B82E8C1CF700FF8C0F /* Frameworks */,
				F37172B92E8C1CF700FF8C0F /* Resources */,
			);
			buildRules = (
			);
			dependencies = (
				F37172BD2E8C1CF700FF8C0F /* PBXTargetDependency */,
			);
			fileSystemSynchronizedGroups = (
				F3578EEA2EA3ACD40065FBF1 /* EventoriasTests */,
				F37172BE2E8C1CF700FF8C0F /* EventoriasUITests */,
			);
			name = EventoriasUITests;
			productName = EventoriasUITests;
			productReference = F37172BB2E8C1CF700FF8C0F /* EventoriasUITests.xctest */;
			productType = "com.apple.product-type.bundle.ui-testing";
		};
/* End PBXNativeTarget section */

/* Begin PBXProject section */
		F371729C2E8C1CF600FF8C0F /* Project object */ = {
			isa = PBXProject;
			attributes = {
				BuildIndependentTargetsInParallel = 1;
				LastSwiftUpdateCheck = 2600;
				LastUpgradeCheck = 2600;
				TargetAttributes = {
					F37172A32E8C1CF600FF8C0F = {
						CreatedOnToolsVersion = 26.0;
					};
					F37172B02E8C1CF700FF8C0F = {
						CreatedOnToolsVersion = 26.0;
						TestTargetID = F37172A32E8C1CF600FF8C0F;
					};
					F37172BA2E8C1CF700FF8C0F = {
						CreatedOnToolsVersion = 26.0;
						TestTargetID = F37172A32E8C1CF600FF8C0F;
					};
				};
			};
			buildConfigurationList = F371729F2E8C1CF600FF8C0F /* Build configuration list for PBXProject "Eventorias" */;
			developmentRegion = en;
			hasScannedForEncodings = 0;
			knownRegions = (
				en,
				Base,
			);
			mainGroup = F371729B2E8C1CF600FF8C0F;
			minimizedProjectReferenceProxies = 1;
			packageReferences = (
				F39B0F7A2E8D7E2D00416D67 /* XCRemoteSwiftPackageReference "firebase-ios-sdk" */,
			);
			preferredProjectObjectVersion = 77;
			productRefGroup = F37172A52E8C1CF600FF8C0F /* Products */;
			projectDirPath = "";
			projectRoot = "";
			targets = (
				F37172A32E8C1CF600FF8C0F /* Eventorias */,
				F37172B02E8C1CF700FF8C0F /* EventoriasTests */,
				F37172BA2E8C1CF700FF8C0F /* EventoriasUITests */,
			);
		};
/* End PBXProject section */

/* Begin PBXResourcesBuildPhase section */
		F37172A22E8C1CF600FF8C0F /* Resources */ = {
			isa = PBXResourcesBuildPhase;
			buildActionMask = 2147483647;
			files = (
				F3682F8D2E9F8572002E8578 /* Inter_28pt-Regular.ttf in Resources */,
				F361B9A82E8EC5400088C136 /* Assets.xcassets in Resources */,
				F39B0EE72E8D645C00416D67 /* GoogleService-Info.plist in Resources */,
				F36F84E92E96AD0700D4ACA1 /* Key.plist in Resources */,
				F3682F952E9F8592002E8578 /* Inter_28pt-Medium.ttf in Resources */,
				F3682F912E9F857D002E8578 /* Inter_24pt-SemiBold.ttf in Resources */,
			);
			runOnlyForDeploymentPostprocessing = 0;
		};
		F37172AF2E8C1CF700FF8C0F /* Resources */ = {
			isa = PBXResourcesBuildPhase;
			buildActionMask = 2147483647;
			files = (
				F36F84EA2E96AD0700D4ACA1 /* Key.plist in Resources */,
				F3682F942E9F8592002E8578 /* Inter_28pt-Medium.ttf in Resources */,
				F3682F8B2E9F8572002E8578 /* Inter_28pt-Regular.ttf in Resources */,
				F3682F902E9F857D002E8578 /* Inter_24pt-SemiBold.ttf in Resources */,
				F39B0EE82E8D645C00416D67 /* GoogleService-Info.plist in Resources */,
			);
			runOnlyForDeploymentPostprocessing = 0;
		};
		F37172B92E8C1CF700FF8C0F /* Resources */ = {
			isa = PBXResourcesBuildPhase;
			buildActionMask = 2147483647;
			files = (
				F36F84EB2E96AD0700D4ACA1 /* Key.plist in Resources */,
				F3682F932E9F8592002E8578 /* Inter_28pt-Medium.ttf in Resources */,
				F3682F8C2E9F8572002E8578 /* Inter_28pt-Regular.ttf in Resources */,
				F3682F8F2E9F857D002E8578 /* Inter_24pt-SemiBold.ttf in Resources */,
				F39B0EE92E8D645C00416D67 /* GoogleService-Info.plist in Resources */,
			);
			runOnlyForDeploymentPostprocessing = 0;
		};
/* End PBXResourcesBuildPhase section */

/* Begin PBXSourcesBuildPhase section */
		F37172A02E8C1CF600FF8C0F /* Sources */ = {
			isa = PBXSourcesBuildPhase;
			buildActionMask = 2147483647;
			files = (
				F37C03782E9A6BFC00647D3A /* Constants.swift in Sources */,
				F36F84D72E966AE100D4ACA1 /* WhitePicker.swift in Sources */,
				F3682F9F2E9FF129002E8578 /* AppError.swift in Sources */,
				F3663CA82EA26DE300297E07 /* Protocols.swift in Sources */,
				F36F84D32E956C1A00D4ACA1 /* UIImagePickerController.swift in Sources */,
				F361B9A92E8EC5400088C136 /* AuthenticationView.swift in Sources */,
				F361B9B52E8EC60D0088C136 /* EventsViewModel.swift in Sources */,
				F36F84DF2E969F2000D4ACA1 /* StaticMapView.swift in Sources */,
				F361B9AA2E8EC5400088C136 /* AuthenticationViewModel.swift in Sources */,
				F36F84CD2E954F4600D4ACA1 /* Day.swift in Sources */,
				F3663C932EA22EAD00297E07 /* ConvertEmailsResult.swift in Sources */,
				F361B9B12E8EC57F0088C136 /* ListView.swift in Sources */,
				F37C037B2E9A892700647D3A /* UserViewModel.swift in Sources */,
				F361B9BB2E8EC84B0088C136 /* Event.swift in Sources */,
				F36F84CB2E954EAB00D4ACA1 /* CalendarView.swift in Sources */,
				F361B9B32E8EC5C60088C136 /* RowView.swift in Sources */,
				F36F84CF2E954FD200D4ACA1 /* EventsContainerView.swift in Sources */,
				F361B9AB2E8EC5400088C136 /* CustomTextField.swift in Sources */,
				F3682FA62EA0F212002E8578 /* SignUpView.swift in Sources */,
				F36F84C12E95440900D4ACA1 /* MainTabView.swift in Sources */,
				F3682FA82EA0F692002E8578 /* SignUpViewModel.swift in Sources */,
				F3682FA12E9FF6D1002E8578 /* GoogleMapsViewModel.swift in Sources */,
				F361B9AC2E8EC5400088C136 /* EventoriasApp.swift in Sources */,
				F36F84BF2E9543A400D4ACA1 /* RootView.swift in Sources */,
				F361B9B82E8EC8220088C136 /* FirestoreService.swift in Sources */,
				F361B9BF2E8ECC710088C136 /* EventDetailsView.swift in Sources */,
				F36F84D12E9568F200D4ACA1 /* CreateEventView.swift in Sources */,
				F36F84C32E95446E00D4ACA1 /* ProfileView.swift in Sources */,
				F3762A732E9D39EA001E8114 /* FirebaseStorageService.swift in Sources */,
				F37C037D2E9A898B00647D3A /* FirebaseAuthService.swift in Sources */,
				F37C03702E992B1800647D3A /* User.swift in Sources */,
				F361B9AD2E8EC5400088C136 /* WelcomeView.swift in Sources */,
				F36F84E12E96A8CC00D4ACA1 /* GoogleMapsService.swift in Sources */,
				F37C03652E97BC4D00647D3A /* CameraPickerController.swift in Sources */,
				F3682F9D2E9FC7E2002E8578 /* CustomSpinner.swift in Sources */,
				F3682FA32EA0DEA9002E8578 /* ActivityController.swift in Sources */,
			);
			runOnlyForDeploymentPostprocessing = 0;
		};
		F37172AD2E8C1CF700FF8C0F /* Sources */ = {
			isa = PBXSourcesBuildPhase;
			buildActionMask = 2147483647;
			files = (
			);
			runOnlyForDeploymentPostprocessing = 0;
		};
		F37172B72E8C1CF700FF8C0F /* Sources */ = {
			isa = PBXSourcesBuildPhase;
			buildActionMask = 2147483647;
			files = (
			);
			runOnlyForDeploymentPostprocessing = 0;
		};
/* End PBXSourcesBuildPhase section */

/* Begin PBXTargetDependency section */
		F37172B32E8C1CF700FF8C0F /* PBXTargetDependency */ = {
			isa = PBXTargetDependency;
			target = F37172A32E8C1CF600FF8C0F /* Eventorias */;
			targetProxy = F37172B22E8C1CF700FF8C0F /* PBXContainerItemProxy */;
		};
		F37172BD2E8C1CF700FF8C0F /* PBXTargetDependency */ = {
			isa = PBXTargetDependency;
			target = F37172A32E8C1CF600FF8C0F /* Eventorias */;
			targetProxy = F37172BC2E8C1CF700FF8C0F /* PBXContainerItemProxy */;
		};
/* End PBXTargetDependency section */

/* Begin XCBuildConfiguration section */
		F37172C32E8C1CF700FF8C0F /* Debug */ = {
			isa = XCBuildConfiguration;
			buildSettings = {
				ALWAYS_SEARCH_USER_PATHS = NO;
				ASSETCATALOG_COMPILER_GENERATE_SWIFT_ASSET_SYMBOL_EXTENSIONS = YES;
				CLANG_ANALYZER_NONNULL = YES;
				CLANG_ANALYZER_NUMBER_OBJECT_CONVERSION = YES_AGGRESSIVE;
				CLANG_CXX_LANGUAGE_STANDARD = "gnu++20";
				CLANG_ENABLE_MODULES = YES;
				CLANG_ENABLE_OBJC_ARC = YES;
				CLANG_ENABLE_OBJC_WEAK = YES;
				CLANG_WARN_BLOCK_CAPTURE_AUTORELEASING = YES;
				CLANG_WARN_BOOL_CONVERSION = YES;
				CLANG_WARN_COMMA = YES;
				CLANG_WARN_CONSTANT_CONVERSION = YES;
				CLANG_WARN_DEPRECATED_OBJC_IMPLEMENTATIONS = YES;
				CLANG_WARN_DIRECT_OBJC_ISA_USAGE = YES_ERROR;
				CLANG_WARN_DOCUMENTATION_COMMENTS = YES;
				CLANG_WARN_EMPTY_BODY = YES;
				CLANG_WARN_ENUM_CONVERSION = YES;
				CLANG_WARN_INFINITE_RECURSION = YES;
				CLANG_WARN_INT_CONVERSION = YES;
				CLANG_WARN_NON_LITERAL_NULL_CONVERSION = YES;
				CLANG_WARN_OBJC_IMPLICIT_RETAIN_SELF = YES;
				CLANG_WARN_OBJC_LITERAL_CONVERSION = YES;
				CLANG_WARN_OBJC_ROOT_CLASS = YES_ERROR;
				CLANG_WARN_QUOTED_INCLUDE_IN_FRAMEWORK_HEADER = YES;
				CLANG_WARN_RANGE_LOOP_ANALYSIS = YES;
				CLANG_WARN_STRICT_PROTOTYPES = YES;
				CLANG_WARN_SUSPICIOUS_MOVE = YES;
				CLANG_WARN_UNGUARDED_AVAILABILITY = YES_AGGRESSIVE;
				CLANG_WARN_UNREACHABLE_CODE = YES;
				CLANG_WARN__DUPLICATE_METHOD_MATCH = YES;
				COPY_PHASE_STRIP = NO;
				DEBUG_INFORMATION_FORMAT = dwarf;
				DEVELOPMENT_TEAM = 64KCF3XZ6R;
				ENABLE_STRICT_OBJC_MSGSEND = YES;
				ENABLE_TESTABILITY = YES;
				ENABLE_USER_SCRIPT_SANDBOXING = YES;
				GCC_C_LANGUAGE_STANDARD = gnu17;
				GCC_DYNAMIC_NO_PIC = NO;
				GCC_NO_COMMON_BLOCKS = YES;
				GCC_OPTIMIZATION_LEVEL = 0;
				GCC_PREPROCESSOR_DEFINITIONS = (
					"DEBUG=1",
					"$(inherited)",
				);
				GCC_WARN_64_TO_32_BIT_CONVERSION = YES;
				GCC_WARN_ABOUT_RETURN_TYPE = YES_ERROR;
				GCC_WARN_UNDECLARED_SELECTOR = YES;
				GCC_WARN_UNINITIALIZED_AUTOS = YES_AGGRESSIVE;
				GCC_WARN_UNUSED_FUNCTION = YES;
				GCC_WARN_UNUSED_VARIABLE = YES;
				IPHONEOS_DEPLOYMENT_TARGET = 26.0;
				LOCALIZATION_PREFERS_STRING_CATALOGS = YES;
				MTL_ENABLE_DEBUG_INFO = INCLUDE_SOURCE;
				MTL_FAST_MATH = YES;
				ONLY_ACTIVE_ARCH = YES;
				SDKROOT = iphoneos;
				SWIFT_ACTIVE_COMPILATION_CONDITIONS = "DEBUG $(inherited)";
				SWIFT_OPTIMIZATION_LEVEL = "-Onone";
			};
			name = Debug;
		};
		F37172C42E8C1CF700FF8C0F /* Release */ = {
			isa = XCBuildConfiguration;
			buildSettings = {
				ALWAYS_SEARCH_USER_PATHS = NO;
				ASSETCATALOG_COMPILER_GENERATE_SWIFT_ASSET_SYMBOL_EXTENSIONS = YES;
				CLANG_ANALYZER_NONNULL = YES;
				CLANG_ANALYZER_NUMBER_OBJECT_CONVERSION = YES_AGGRESSIVE;
				CLANG_CXX_LANGUAGE_STANDARD = "gnu++20";
				CLANG_ENABLE_MODULES = YES;
				CLANG_ENABLE_OBJC_ARC = YES;
				CLANG_ENABLE_OBJC_WEAK = YES;
				CLANG_WARN_BLOCK_CAPTURE_AUTORELEASING = YES;
				CLANG_WARN_BOOL_CONVERSION = YES;
				CLANG_WARN_COMMA = YES;
				CLANG_WARN_CONSTANT_CONVERSION = YES;
				CLANG_WARN_DEPRECATED_OBJC_IMPLEMENTATIONS = YES;
				CLANG_WARN_DIRECT_OBJC_ISA_USAGE = YES_ERROR;
				CLANG_WARN_DOCUMENTATION_COMMENTS = YES;
				CLANG_WARN_EMPTY_BODY = YES;
				CLANG_WARN_ENUM_CONVERSION = YES;
				CLANG_WARN_INFINITE_RECURSION = YES;
				CLANG_WARN_INT_CONVERSION = YES;
				CLANG_WARN_NON_LITERAL_NULL_CONVERSION = YES;
				CLANG_WARN_OBJC_IMPLICIT_RETAIN_SELF = YES;
				CLANG_WARN_OBJC_LITERAL_CONVERSION = YES;
				CLANG_WARN_OBJC_ROOT_CLASS = YES_ERROR;
				CLANG_WARN_QUOTED_INCLUDE_IN_FRAMEWORK_HEADER = YES;
				CLANG_WARN_RANGE_LOOP_ANALYSIS = YES;
				CLANG_WARN_STRICT_PROTOTYPES = YES;
				CLANG_WARN_SUSPICIOUS_MOVE = YES;
				CLANG_WARN_UNGUARDED_AVAILABILITY = YES_AGGRESSIVE;
				CLANG_WARN_UNREACHABLE_CODE = YES;
				CLANG_WARN__DUPLICATE_METHOD_MATCH = YES;
				COPY_PHASE_STRIP = NO;
				DEBUG_INFORMATION_FORMAT = "dwarf-with-dsym";
				DEVELOPMENT_TEAM = 64KCF3XZ6R;
				ENABLE_NS_ASSERTIONS = NO;
				ENABLE_STRICT_OBJC_MSGSEND = YES;
				ENABLE_USER_SCRIPT_SANDBOXING = YES;
				GCC_C_LANGUAGE_STANDARD = gnu17;
				GCC_NO_COMMON_BLOCKS = YES;
				GCC_WARN_64_TO_32_BIT_CONVERSION = YES;
				GCC_WARN_ABOUT_RETURN_TYPE = YES_ERROR;
				GCC_WARN_UNDECLARED_SELECTOR = YES;
				GCC_WARN_UNINITIALIZED_AUTOS = YES_AGGRESSIVE;
				GCC_WARN_UNUSED_FUNCTION = YES;
				GCC_WARN_UNUSED_VARIABLE = YES;
				IPHONEOS_DEPLOYMENT_TARGET = 26.0;
				LOCALIZATION_PREFERS_STRING_CATALOGS = YES;
				MTL_ENABLE_DEBUG_INFO = NO;
				MTL_FAST_MATH = YES;
				SDKROOT = iphoneos;
				SWIFT_COMPILATION_MODE = wholemodule;
				VALIDATE_PRODUCT = YES;
			};
			name = Release;
		};
		F37172C62E8C1CF700FF8C0F /* Debug */ = {
			isa = XCBuildConfiguration;
			buildSettings = {
				ASSETCATALOG_COMPILER_APPICON_NAME = AppIcon;
				ASSETCATALOG_COMPILER_GLOBAL_ACCENT_COLOR_NAME = AccentColor;
				CODE_SIGN_STYLE = Automatic;
				CURRENT_PROJECT_VERSION = 1;
				DEFINES_MODULE = YES;
				DEVELOPMENT_TEAM = 64KCF3XZ6R;
				ENABLE_PREVIEWS = YES;
				ENABLE_USER_SCRIPT_SANDBOXING = YES;
				EXCLUDED_ARCHS = "";
				GENERATE_INFOPLIST_FILE = YES;
				INFOPLIST_FILE = Eventorias/Resources/Config/Info.plist;
				INFOPLIST_KEY_NSCameraUsageDescription = "We need access to the camera so the user can take photos";
				INFOPLIST_KEY_NSPhotoLibraryUsageDescription = "We need access to the camera so the user can choose photos";
				INFOPLIST_KEY_UIApplicationSceneManifest_Generation = YES;
				INFOPLIST_KEY_UIApplicationSupportsIndirectInputEvents = YES;
				INFOPLIST_KEY_UILaunchScreen_Generation = YES;
				INFOPLIST_KEY_UISupportedInterfaceOrientations_iPad = "UIInterfaceOrientationPortrait UIInterfaceOrientationPortraitUpsideDown UIInterfaceOrientationLandscapeLeft UIInterfaceOrientationLandscapeRight";
				INFOPLIST_KEY_UISupportedInterfaceOrientations_iPhone = "UIInterfaceOrientationPortrait UIInterfaceOrientationLandscapeLeft UIInterfaceOrientationLandscapeRight";
				IPHONEOS_DEPLOYMENT_TARGET = 18.6;
				LD_RUNPATH_SEARCH_PATHS = (
					"$(inherited)",
					"@executable_path/Frameworks",
				);
				MARKETING_VERSION = 1.0;
				PRODUCT_BUNDLE_IDENTIFIER = com.bougaranhelena.Eventorias2;
				PRODUCT_NAME = "$(TARGET_NAME)";
				STRING_CATALOG_GENERATE_SYMBOLS = YES;
				SWIFT_APPROACHABLE_CONCURRENCY = YES;
				SWIFT_DEFAULT_ACTOR_ISOLATION = MainActor;
				SWIFT_EMIT_LOC_STRINGS = YES;
				SWIFT_UPCOMING_FEATURE_MEMBER_IMPORT_VISIBILITY = YES;
				SWIFT_VERSION = 5.0;
				TARGETED_DEVICE_FAMILY = "1,2";
			};
			name = Debug;
		};
		F37172C72E8C1CF700FF8C0F /* Release */ = {
			isa = XCBuildConfiguration;
			buildSettings = {
				ASSETCATALOG_COMPILER_APPICON_NAME = AppIcon;
				ASSETCATALOG_COMPILER_GLOBAL_ACCENT_COLOR_NAME = AccentColor;
				CODE_SIGN_STYLE = Automatic;
				CURRENT_PROJECT_VERSION = 1;
				DEFINES_MODULE = YES;
				DEVELOPMENT_TEAM = 64KCF3XZ6R;
				ENABLE_PREVIEWS = YES;
				ENABLE_USER_SCRIPT_SANDBOXING = YES;
				EXCLUDED_ARCHS = "";
				GENERATE_INFOPLIST_FILE = YES;
				INFOPLIST_FILE = Eventorias/Resources/Config/Info.plist;
				INFOPLIST_KEY_NSCameraUsageDescription = "We need access to the camera so the user can take photos";
				INFOPLIST_KEY_NSPhotoLibraryUsageDescription = "We need access to the camera so the user can choose photos";
				INFOPLIST_KEY_UIApplicationSceneManifest_Generation = YES;
				INFOPLIST_KEY_UIApplicationSupportsIndirectInputEvents = YES;
				INFOPLIST_KEY_UILaunchScreen_Generation = YES;
				INFOPLIST_KEY_UISupportedInterfaceOrientations_iPad = "UIInterfaceOrientationPortrait UIInterfaceOrientationPortraitUpsideDown UIInterfaceOrientationLandscapeLeft UIInterfaceOrientationLandscapeRight";
				INFOPLIST_KEY_UISupportedInterfaceOrientations_iPhone = "UIInterfaceOrientationPortrait UIInterfaceOrientationLandscapeLeft UIInterfaceOrientationLandscapeRight";
				IPHONEOS_DEPLOYMENT_TARGET = 18.6;
				LD_RUNPATH_SEARCH_PATHS = (
					"$(inherited)",
					"@executable_path/Frameworks",
				);
				MARKETING_VERSION = 1.0;
				PRODUCT_BUNDLE_IDENTIFIER = com.bougaranhelena.Eventorias2;
				PRODUCT_NAME = "$(TARGET_NAME)";
				STRING_CATALOG_GENERATE_SYMBOLS = YES;
				SWIFT_APPROACHABLE_CONCURRENCY = YES;
				SWIFT_DEFAULT_ACTOR_ISOLATION = MainActor;
				SWIFT_EMIT_LOC_STRINGS = YES;
				SWIFT_UPCOMING_FEATURE_MEMBER_IMPORT_VISIBILITY = YES;
				SWIFT_VERSION = 5.0;
				TARGETED_DEVICE_FAMILY = "1,2";
			};
			name = Release;
		};
		F37172C92E8C1CF700FF8C0F /* Debug */ = {
			isa = XCBuildConfiguration;
			buildSettings = {
				BUNDLE_LOADER = "$(TEST_HOST)";
				CODE_SIGN_STYLE = Automatic;
				CURRENT_PROJECT_VERSION = 1;
				DEVELOPMENT_TEAM = 64KCF3XZ6R;
				GENERATE_INFOPLIST_FILE = YES;
				IPHONEOS_DEPLOYMENT_TARGET = 18.6;
				MARKETING_VERSION = 1.0;
				PRODUCT_BUNDLE_IDENTIFIER = com.bougaranhelena.EventoriasTests;
				PRODUCT_NAME = "$(TARGET_NAME)";
				STRING_CATALOG_GENERATE_SYMBOLS = NO;
				SWIFT_APPROACHABLE_CONCURRENCY = YES;
				SWIFT_EMIT_LOC_STRINGS = NO;
				SWIFT_UPCOMING_FEATURE_MEMBER_IMPORT_VISIBILITY = YES;
				SWIFT_VERSION = 5.0;
				TARGETED_DEVICE_FAMILY = "1,2";
				TEST_HOST = "$(BUILT_PRODUCTS_DIR)/Eventorias.app/$(BUNDLE_EXECUTABLE_FOLDER_PATH)/Eventorias";
			};
			name = Debug;
		};
		F37172CA2E8C1CF700FF8C0F /* Release */ = {
			isa = XCBuildConfiguration;
			buildSettings = {
				BUNDLE_LOADER = "$(TEST_HOST)";
				CODE_SIGN_STYLE = Automatic;
				CURRENT_PROJECT_VERSION = 1;
				DEVELOPMENT_TEAM = 64KCF3XZ6R;
				GENERATE_INFOPLIST_FILE = YES;
				IPHONEOS_DEPLOYMENT_TARGET = 18.6;
				MARKETING_VERSION = 1.0;
				PRODUCT_BUNDLE_IDENTIFIER = com.bougaranhelena.EventoriasTests;
				PRODUCT_NAME = "$(TARGET_NAME)";
				STRING_CATALOG_GENERATE_SYMBOLS = NO;
				SWIFT_APPROACHABLE_CONCURRENCY = YES;
				SWIFT_EMIT_LOC_STRINGS = NO;
				SWIFT_UPCOMING_FEATURE_MEMBER_IMPORT_VISIBILITY = YES;
				SWIFT_VERSION = 5.0;
				TARGETED_DEVICE_FAMILY = "1,2";
				TEST_HOST = "$(BUILT_PRODUCTS_DIR)/Eventorias.app/$(BUNDLE_EXECUTABLE_FOLDER_PATH)/Eventorias";
			};
			name = Release;
		};
		F37172CC2E8C1CF700FF8C0F /* Debug */ = {
			isa = XCBuildConfiguration;
			buildSettings = {
				CODE_SIGN_STYLE = Automatic;
				CURRENT_PROJECT_VERSION = 1;
				DEVELOPMENT_TEAM = 64KCF3XZ6R;
				GENERATE_INFOPLIST_FILE = YES;
				MARKETING_VERSION = 1.0;
				PRODUCT_BUNDLE_IDENTIFIER = com.bougaranhelena.EventoriasUITests;
				PRODUCT_NAME = "$(TARGET_NAME)";
				STRING_CATALOG_GENERATE_SYMBOLS = NO;
				SWIFT_APPROACHABLE_CONCURRENCY = YES;
				SWIFT_EMIT_LOC_STRINGS = NO;
				SWIFT_UPCOMING_FEATURE_MEMBER_IMPORT_VISIBILITY = YES;
				SWIFT_VERSION = 5.0;
				TARGETED_DEVICE_FAMILY = "1,2";
				TEST_TARGET_NAME = Eventorias;
			};
			name = Debug;
		};
		F37172CD2E8C1CF700FF8C0F /* Release */ = {
			isa = XCBuildConfiguration;
			buildSettings = {
				CODE_SIGN_STYLE = Automatic;
				CURRENT_PROJECT_VERSION = 1;
				DEVELOPMENT_TEAM = 64KCF3XZ6R;
				GENERATE_INFOPLIST_FILE = YES;
				MARKETING_VERSION = 1.0;
				PRODUCT_BUNDLE_IDENTIFIER = com.bougaranhelena.EventoriasUITests;
				PRODUCT_NAME = "$(TARGET_NAME)";
				STRING_CATALOG_GENERATE_SYMBOLS = NO;
				SWIFT_APPROACHABLE_CONCURRENCY = YES;
				SWIFT_EMIT_LOC_STRINGS = NO;
				SWIFT_UPCOMING_FEATURE_MEMBER_IMPORT_VISIBILITY = YES;
				SWIFT_VERSION = 5.0;
				TARGETED_DEVICE_FAMILY = "1,2";
				TEST_TARGET_NAME = Eventorias;
			};
			name = Release;
		};
/* End XCBuildConfiguration section */

/* Begin XCConfigurationList section */
		F371729F2E8C1CF600FF8C0F /* Build configuration list for PBXProject "Eventorias" */ = {
			isa = XCConfigurationList;
			buildConfigurations = (
				F37172C32E8C1CF700FF8C0F /* Debug */,
				F37172C42E8C1CF700FF8C0F /* Release */,
			);
			defaultConfigurationIsVisible = 0;
			defaultConfigurationName = Release;
		};
		F37172C52E8C1CF700FF8C0F /* Build configuration list for PBXNativeTarget "Eventorias" */ = {
			isa = XCConfigurationList;
			buildConfigurations = (
				F37172C62E8C1CF700FF8C0F /* Debug */,
				F37172C72E8C1CF700FF8C0F /* Release */,
			);
			defaultConfigurationIsVisible = 0;
			defaultConfigurationName = Release;
		};
		F37172C82E8C1CF700FF8C0F /* Build configuration list for PBXNativeTarget "EventoriasTests" */ = {
			isa = XCConfigurationList;
			buildConfigurations = (
				F37172C92E8C1CF700FF8C0F /* Debug */,
				F37172CA2E8C1CF700FF8C0F /* Release */,
			);
			defaultConfigurationIsVisible = 0;
			defaultConfigurationName = Release;
		};
		F37172CB2E8C1CF700FF8C0F /* Build configuration list for PBXNativeTarget "EventoriasUITests" */ = {
			isa = XCConfigurationList;
			buildConfigurations = (
				F37172CC2E8C1CF700FF8C0F /* Debug */,
				F37172CD2E8C1CF700FF8C0F /* Release */,
			);
			defaultConfigurationIsVisible = 0;
			defaultConfigurationName = Release;
		};
/* End XCConfigurationList section */

/* Begin XCRemoteSwiftPackageReference section */
		F39B0F7A2E8D7E2D00416D67 /* XCRemoteSwiftPackageReference "firebase-ios-sdk" */ = {
			isa = XCRemoteSwiftPackageReference;
			repositoryURL = "https://github.com/firebase/firebase-ios-sdk";
			requirement = {
				kind = upToNextMajorVersion;
				minimumVersion = 12.3.0;
			};
		};
/* End XCRemoteSwiftPackageReference section */

/* Begin XCSwiftPackageProductDependency section */
		F349ECCC2EA8DAB300FD34FE /* FirebaseAuth */ = {
			isa = XCSwiftPackageProductDependency;
			package = F39B0F7A2E8D7E2D00416D67 /* XCRemoteSwiftPackageReference "firebase-ios-sdk" */;
			productName = FirebaseAuth;
		};
		F349ECCE2EA8DABA00FD34FE /* FirebaseFirestore */ = {
			isa = XCSwiftPackageProductDependency;
			package = F39B0F7A2E8D7E2D00416D67 /* XCRemoteSwiftPackageReference "firebase-ios-sdk" */;
			productName = FirebaseFirestore;
		};
		F349ECD02EA8DAC300FD34FE /* FirebaseStorage */ = {
			isa = XCSwiftPackageProductDependency;
			package = F39B0F7A2E8D7E2D00416D67 /* XCRemoteSwiftPackageReference "firebase-ios-sdk" */;
			productName = FirebaseStorage;
		};
		F36F84D42E956E6300D4ACA1 /* FirebaseStorage */ = {
			isa = XCSwiftPackageProductDependency;
			package = F39B0F7A2E8D7E2D00416D67 /* XCRemoteSwiftPackageReference "firebase-ios-sdk" */;
			productName = FirebaseStorage;
		};
		F39B0F7B2E8D7E2D00416D67 /* FirebaseAuth */ = {
			isa = XCSwiftPackageProductDependency;
			package = F39B0F7A2E8D7E2D00416D67 /* XCRemoteSwiftPackageReference "firebase-ios-sdk" */;
			productName = FirebaseAuth;
		};
		F39B0F7D2E8D7E2D00416D67 /* FirebaseCore */ = {
			isa = XCSwiftPackageProductDependency;
			package = F39B0F7A2E8D7E2D00416D67 /* XCRemoteSwiftPackageReference "firebase-ios-sdk" */;
			productName = FirebaseCore;
		};
		F39B0F7F2E8D7E2D00416D67 /* FirebaseFirestore */ = {
			isa = XCSwiftPackageProductDependency;
			package = F39B0F7A2E8D7E2D00416D67 /* XCRemoteSwiftPackageReference "firebase-ios-sdk" */;
			productName = FirebaseFirestore;
		};
/* End XCSwiftPackageProductDependency section */
	};
	rootObject = F371729C2E8C1CF600FF8C0F /* Project object */;
}
